<?xml version="1.0" encoding="utf-8"?>
<Project ToolsVersion="4.0" xmlns="http://schemas.microsoft.com/developer/msbuild/2003">
  <ItemGroup>
    <Filter Include="Resource Files">
      <UniqueIdentifier>{1a913106-0be0-4476-b0ce-2aa855072614}</UniqueIdentifier>
      <Extensions>ico;cur;bmp;dlg;rc2;rct;bin;cnt;rtf;gif;jpg;jpeg;jpe</Extensions>
    </Filter>
    <Filter Include="MFC">
      <UniqueIdentifier>{da904ee8-7f59-4a6c-b3ff-b91b6fb6d0ea}</UniqueIdentifier>
    </Filter>
    <Filter Include="GameLibrary">
      <UniqueIdentifier>{df7aa532-3fdf-46a0-b3fc-8f5922e8d9e4}</UniqueIdentifier>
    </Filter>
    <Filter Include="MyGame">
      <UniqueIdentifier>{0c798913-b7d2-4e26-8241-0f83266cd626}</UniqueIdentifier>
    </Filter>
  </ItemGroup>
  <ItemGroup>
    <None Include="Res\ball.bmp">
      <Filter>Resource Files</Filter>
    </None>
    <None Include="RES\bmp0.bmp">
      <Filter>Resource Files</Filter>
    </None>
    <None Include="RES\bmp1.bmp">
      <Filter>Resource Files</Filter>
    </None>
    <None Include="RES\bmp10.bmp">
      <Filter>Resource Files</Filter>
    </None>
    <None Include="RES\bmp2.bmp">
      <Filter>Resource Files</Filter>
    </None>
    <None Include="RES\bmp3.bmp">
      <Filter>Resource Files</Filter>
    </None>
    <None Include="RES\bmp4.bmp">
      <Filter>Resource Files</Filter>
    </None>
    <None Include="RES\bmp5.bmp">
      <Filter>Resource Files</Filter>
    </None>
    <None Include="RES\bmp6.bmp">
      <Filter>Resource Files</Filter>
    </None>
    <None Include="RES\bmp7.bmp">
      <Filter>Resource Files</Filter>
    </None>
    <None Include="RES\bmp8.bmp">
      <Filter>Resource Files</Filter>
    </None>
    <None Include="RES\bmp9.bmp">
      <Filter>Resource Files</Filter>
    </None>
    <None Include="RES\center.bmp">
      <Filter>Resource Files</Filter>
    </None>
    <None Include="RES\continue.bmp">
      <Filter>Resource Files</Filter>
    </None>
    <None Include="Res\corner.bmp">
      <Filter>Resource Files</Filter>
    </None>
    <None Include="RES\eraser1.bmp">
      <Filter>Resource Files</Filter>
    </None>
    <None Include="RES\eraser2.bmp">
      <Filter>Resource Files</Filter>
    </None>
    <None Include="RES\eraser3.bmp">
      <Filter>Resource Files</Filter>
    </None>
    <None Include="res\game.ico">
      <Filter>Resource Files</Filter>
    </None>
    <None Include="res\game.rc2">
      <Filter>Resource Files</Filter>
    </None>
    <None Include="RES\gamecurs.cur">
      <Filter>Resource Files</Filter>
    </None>
    <None Include="res\gameDoc.ico">
      <Filter>Resource Files</Filter>
    </None>
    <None Include="RES\help.bmp">
      <Filter>Resource Files</Filter>
    </None>
    <None Include="RES\loading.bmp">
      <Filter>Resource Files</Filter>
    </None>
    <None Include="RES\ntutcsie.bmp">
      <Filter>Resource Files</Filter>
    </None>
    <None Include="res\Toolbar.bmp">
      <Filter>Resource Files</Filter>
    </None>
  </ItemGroup>
  <ItemGroup>
    <ClCompile Include="Source\audio.cpp">
      <Filter>GameLibrary</Filter>
    </ClCompile>
    <ClCompile Include="Source\game.cpp">
      <Filter>MFC</Filter>
    </ClCompile>
    <ClCompile Include="Source\gameDoc.cpp">
      <Filter>MFC</Filter>
    </ClCompile>
    <ClCompile Include="Source\gamelib.cpp">
      <Filter>GameLibrary</Filter>
    </ClCompile>
    <ClCompile Include="Source\gameView.cpp">
      <Filter>MFC</Filter>
    </ClCompile>
    <ClCompile Include="Source\MainFrm.cpp">
      <Filter>MFC</Filter>
    </ClCompile>
    <ClCompile Include="Source\StdAfx.cpp">
      <Filter>MFC</Filter>
    </ClCompile>
    <ClCompile Include="Source\CBouncingBall.cpp">
      <Filter>MyGame</Filter>
    </ClCompile>
    <ClCompile Include="Source\King.cpp">
      <Filter>MyGame</Filter>
    </ClCompile>
    <ClCompile Include="Source\CGameStateRun.cpp">
      <Filter>MyGame</Filter>
    </ClCompile>
    <ClCompile Include="Source\CGameStateInit.cpp">
      <Filter>MyGame</Filter>
    </ClCompile>
    <ClCompile Include="Source\CGameStateMenu.cpp">
      <Filter>MyGame</Filter>
    </ClCompile>
    <ClCompile Include="Source\CGameStateOver.cpp">
      <Filter>MyGame</Filter>
    </ClCompile>
    <ClCompile Include="Source\CGameMap.cpp">
      <Filter>MyGame</Filter>
    </ClCompile>
    <ClCompile Include="Source\CGameStatePause.cpp">
      <Filter>MyGame</Filter>
    </ClCompile>
    <ClCompile Include="Source\Foreground.cpp">
      <Filter>MyGame</Filter>
    </ClCompile>
    <ClCompile Include="Source\Texture.cpp">
      <Filter>MyGame</Filter>
    </ClCompile>
  </ItemGroup>
  <ItemGroup>
    <ClInclude Include="Source\audio.h">
      <Filter>GameLibrary</Filter>
    </ClInclude>
    <ClInclude Include="Source\game.h">
      <Filter>MFC</Filter>
    </ClInclude>
    <ClInclude Include="Source\gameDoc.h">
      <Filter>MFC</Filter>
    </ClInclude>
    <ClInclude Include="Source\gamelib.h">
      <Filter>GameLibrary</Filter>
    </ClInclude>
    <ClInclude Include="Source\gameView.h">
      <Filter>MFC</Filter>
    </ClInclude>
    <ClInclude Include="Source\MainFrm.h">
      <Filter>MFC</Filter>
    </ClInclude>
    <ClInclude Include="Source\Resource.h">
      <Filter>MFC</Filter>
    </ClInclude>
    <ClInclude Include="Source\StdAfx.h">
      <Filter>MFC</Filter>
    </ClInclude>
    <ClInclude Include="Source\CBouncingBall.h">
      <Filter>MyGame</Filter>
    </ClInclude>
    <ClInclude Include="Source\King.h">
      <Filter>MyGame</Filter>
    </ClInclude>
    <ClInclude Include="Source\CGameStateRun.h">
      <Filter>MyGame</Filter>
    </ClInclude>
    <ClInclude Include="Source\CGameStateInit.h">
      <Filter>MyGame</Filter>
    </ClInclude>
    <ClInclude Include="Source\CGameStateMenu.h">
      <Filter>MyGame</Filter>
    </ClInclude>
    <ClInclude Include="Source\CGameStateOver.h">
      <Filter>MyGame</Filter>
    </ClInclude>
    <ClInclude Include="Source\CGameMap.h">
      <Filter>MyGame</Filter>
    </ClInclude>
    <ClInclude Include="Source\CGameStatePause.h">
      <Filter>MyGame</Filter>
    </ClInclude>
    <ClInclude Include="Source\Foreground.h">
      <Filter>MyGame</Filter>
    </ClInclude>
    <ClInclude Include="Source\Texture.h">
      <Filter>MyGame</Filter>
    </ClInclude>
  </ItemGroup>
  <ItemGroup>
    <ResourceCompile Include="Source\game.rc">
      <Filter>MFC</Filter>
    </ResourceCompile>
  </ItemGroup>
  <ItemGroup>
    <Image Include="res\bitmap3.bmp">
      <Filter>Resource Files</Filter>
    </Image>
    <Image Include="RES\base.png" />
    <Image Include="res\bmp00001.bmp">
      <Filter>Resource Files</Filter>
    </Image>
    <Image Include="res\bitmap4.bmp">
      <Filter>Resource Files</Filter>
    </Image>
    <Image Include="RES\base.bmp">
      <Filter>Resource Files</Filter>
    </Image>
    <Image Include="res\bitmap5.bmp">
      <Filter>Resource Files</Filter>
    </Image>
    <Image Include="res\bitmap6.bmp">
      <Filter>Resource Files</Filter>
    </Image>
    <Image Include="RES\KingCharge.bmp">
      <Filter>Resource Files</Filter>
    </Image>
    <Image Include="RES\KingLeftStand.bmp">
      <Filter>Resource Files</Filter>
    </Image>
    <Image Include="RES\KingLeftWalk_2.bmp">
      <Filter>Resource Files</Filter>
    </Image>
    <Image Include="RES\KingRightStand.bmp">
      <Filter>Resource Files</Filter>
    </Image>
    <Image Include="RES\kingRightWalk_2.bmp">
      <Filter>Resource Files</Filter>
    </Image>
    <Image Include="RES\Midground_1.bmp">
      <Filter>Resource Files</Filter>
    </Image>
    <Image Include="RES\kingLeftWalk_1.bmp">
      <Filter>Resource Files</Filter>
    </Image>
    <Image Include="RES\kingLeftWalk_3.bmp">
      <Filter>Resource Files</Filter>
    </Image>
    <Image Include="RES\kingRightWalk_1.bmp">
      <Filter>Resource Files</Filter>
    </Image>
    <Image Include="RES\kingRightWalk_3.bmp">
      <Filter>Resource Files</Filter>
    </Image>
    <Image Include="res\bitmap9.bmp">
      <Filter>Resource Files</Filter>
    </Image>
    <Image Include="RES\Midground_2.bmp">
      <Filter>Resource Files</Filter>
    </Image>
    <Image Include="RES\title_logo.bmp">
      <Filter>Resource Files</Filter>
    </Image>
    <Image Include="RES\KingLeftJump_2.bmp">
      <Filter>Resource Files</Filter>
    </Image>
    <Image Include="RES\KingLeftJump_3.bmp">
      <Filter>Resource Files</Filter>
    </Image>
    <Image Include="RES\KingLeftSlip.bmp">
      <Filter>Resource Files</Filter>
    </Image>
    <Image Include="RES\KingRightJump_2.bmp">
      <Filter>Resource Files</Filter>
    </Image>
    <Image Include="RES\KingRightJump_3.bmp">
      <Filter>Resource Files</Filter>
    </Image>
    <Image Include="RES\KingRightSlip.bmp">
      <Filter>Resource Files</Filter>
    </Image>
    <Image Include="RES\KingLeftFall.bmp">
      <Filter>Resource Files</Filter>
    </Image>
    <Image Include="RES\KingLeftRise.bmp">
      <Filter>Resource Files</Filter>
    </Image>
    <Image Include="RES\KingRightFall.bmp">
      <Filter>Resource Files</Filter>
    </Image>
    <Image Include="RES\KingRightRise.bmp">
      <Filter>Resource Files</Filter>
    </Image>
    <Image Include="res\king\charge.bmp">
      <Filter>Resource Files</Filter>
    </Image>
    <Image Include="res\king\left_stand.bmp">
      <Filter>Resource Files</Filter>
    </Image>
    <Image Include="res\king\right_stand.bmp">
      <Filter>Resource Files</Filter>
    </Image>
    <Image Include="res\midground\mg1.bmp">
      <Filter>Resource Files</Filter>
    </Image>
    <Image Include="res\king\left_walk1.bmp">
      <Filter>Resource Files</Filter>
    </Image>
    <Image Include="res\king\left_walk2.bmp">
      <Filter>Resource Files</Filter>
    </Image>
    <Image Include="res\king\left_walk3.bmp">
      <Filter>Resource Files</Filter>
    </Image>
    <Image Include="res\king\right_walk1.bmp">
      <Filter>Resource Files</Filter>
    </Image>
    <Image Include="res\king\right_walk2.bmp">
      <Filter>Resource Files</Filter>
    </Image>
    <Image Include="res\king\right_walk3.bmp">
      <Filter>Resource Files</Filter>
    </Image>
    <Image Include="res\king\left_slip.bmp">
      <Filter>Resource Files</Filter>
    </Image>
    <Image Include="res\king\right_slip.bmp">
      <Filter>Resource Files</Filter>
    </Image>
    <Image Include="res\king\left_fall.bmp">
      <Filter>Resource Files</Filter>
    </Image>
    <Image Include="res\king\left_rise.bmp">
      <Filter>Resource Files</Filter>
    </Image>
    <Image Include="res\king\right_fall.bmp">
      <Filter>Resource Files</Filter>
    </Image>
    <Image Include="res\king\right_rise.bmp">
      <Filter>Resource Files</Filter>
    </Image>
    <Image Include="RES\midground\mg2.bmp">
      <Filter>Resource Files</Filter>
    </Image>
    <Image Include="RES\midground\mg3.bmp">
      <Filter>Resource Files</Filter>
    </Image>
    <Image Include="RES\midground\mg4.bmp">
      <Filter>Resource Files</Filter>
    </Image>
    <Image Include="RES\midground\mg5.bmp">
      <Filter>Resource Files</Filter>
    </Image>
    <Image Include="RES\midground\mg6.bmp">
      <Filter>Resource Files</Filter>
    </Image>
    <Image Include="RES\midground\mg7.bmp">
      <Filter>Resource Files</Filter>
    </Image>
    <Image Include="RES\midground\mg8.bmp">
      <Filter>Resource Files</Filter>
    </Image>
    <Image Include="RES\midground\mg9.bmp">
      <Filter>Resource Files</Filter>
    </Image>
    <Image Include="RES\midground\mg10.bmp">
      <Filter>Resource Files</Filter>
    </Image>
    <Image Include="RES\midground\mg11.bmp">
      <Filter>Resource Files</Filter>
    </Image>
    <Image Include="RES\midground\mg12.bmp">
      <Filter>Resource Files</Filter>
    </Image>
    <Image Include="RES\midground\mg13.bmp">
      <Filter>Resource Files</Filter>
    </Image>
    <Image Include="RES\midground\mg14.bmp">
      <Filter>Resource Files</Filter>
    </Image>
    <Image Include="RES\midground\mg15.bmp">
      <Filter>Resource Files</Filter>
    </Image>
    <Image Include="RES\midground\mg16.bmp">
      <Filter>Resource Files</Filter>
    </Image>
    <Image Include="RES\midground\mg17.bmp">
      <Filter>Resource Files</Filter>
    </Image>
    <Image Include="RES\midground\mg18.bmp">
      <Filter>Resource Files</Filter>
    </Image>
    <Image Include="RES\midground\mg19.bmp">
      <Filter>Resource Files</Filter>
    </Image>
    <Image Include="RES\midground\mg20.bmp">
      <Filter>Resource Files</Filter>
    </Image>
    <Image Include="RES\midground\mg21.bmp">
      <Filter>Resource Files</Filter>
    </Image>
    <Image Include="RES\midground\mg22.bmp">
      <Filter>Resource Files</Filter>
    </Image>
    <Image Include="RES\midground\mg23.bmp">
      <Filter>Resource Files</Filter>
    </Image>
    <Image Include="RES\midground\mg24.bmp">
      <Filter>Resource Files</Filter>
    </Image>
    <Image Include="RES\midground\mg25.bmp">
      <Filter>Resource Files</Filter>
    </Image>
    <Image Include="RES\midground\mg26.bmp">
      <Filter>Resource Files</Filter>
    </Image>
    <Image Include="RES\midground\mg27.bmp">
      <Filter>Resource Files</Filter>
    </Image>
    <Image Include="RES\midground\mg28.bmp">
      <Filter>Resource Files</Filter>
    </Image>
    <Image Include="RES\midground\mg29.bmp">
      <Filter>Resource Files</Filter>
    </Image>
    <Image Include="RES\midground\mg30.bmp">
      <Filter>Resource Files</Filter>
    </Image>
    <Image Include="RES\midground\mg31.bmp">
      <Filter>Resource Files</Filter>
    </Image>
    <Image Include="RES\midground\mg32.bmp">
      <Filter>Resource Files</Filter>
    </Image>
    <Image Include="RES\midground\mg33.bmp">
      <Filter>Resource Files</Filter>
    </Image>
    <Image Include="RES\midground\mg34.bmp">
      <Filter>Resource Files</Filter>
    </Image>
    <Image Include="RES\midground\mg35.bmp">
      <Filter>Resource Files</Filter>
    </Image>
    <Image Include="RES\midground\mg36.bmp">
      <Filter>Resource Files</Filter>
    </Image>
    <Image Include="RES\midground\mg37.bmp">
      <Filter>Resource Files</Filter>
    </Image>
    <Image Include="RES\midground\mg38.bmp">
      <Filter>Resource Files</Filter>
    </Image>
    <Image Include="RES\midground\mg39.bmp">
      <Filter>Resource Files</Filter>
    </Image>
    <Image Include="RES\midground\mg40.bmp">
      <Filter>Resource Files</Filter>
    </Image>
    <Image Include="RES\midground\mg41.bmp">
      <Filter>Resource Files</Filter>
    </Image>
    <Image Include="RES\midground\mg42.bmp">
      <Filter>Resource Files</Filter>
    </Image>
    <Image Include="RES\midground\mg43.bmp">
      <Filter>Resource Files</Filter>
    </Image>
    <Image Include="RES\foreground\fg1.bmp">
      <Filter>Resource Files</Filter>
    </Image>
    <Image Include="RES\foreground\fg2.bmp">
      <Filter>Resource Files</Filter>
    </Image>
    <Image Include="RES\foreground\fg3.bmp">
      <Filter>Resource Files</Filter>
    </Image>
    <Image Include="RES\foreground\fg4.bmp">
      <Filter>Resource Files</Filter>
    </Image>
    <Image Include="RES\foreground\fg5.bmp">
      <Filter>Resource Files</Filter>
    </Image>
    <Image Include="RES\foreground\fg6.bmp">
      <Filter>Resource Files</Filter>
    </Image>
    <Image Include="RES\foreground\fg9.bmp">
      <Filter>Resource Files</Filter>
    </Image>
    <Image Include="RES\foreground\fg10.bmp">
      <Filter>Resource Files</Filter>
    </Image>
    <Image Include="RES\foreground\fg16.bmp">
      <Filter>Resource Files</Filter>
    </Image>
    <Image Include="RES\foreground\fg17.bmp">
      <Filter>Resource Files</Filter>
    </Image>
    <Image Include="RES\foreground\fg18.bmp">
      <Filter>Resource Files</Filter>
    </Image>
    <Image Include="RES\foreground\fg21.bmp">
      <Filter>Resource Files</Filter>
    </Image>
    <Image Include="RES\foreground\fg22.bmp">
      <Filter>Resource Files</Filter>
    </Image>
    <Image Include="RES\foreground\fg25.bmp">
      <Filter>Resource Files</Filter>
    </Image>
    <Image Include="RES\foreground\fg26.bmp">
      <Filter>Resource Files</Filter>
    </Image>
    <Image Include="RES\foreground\fg27.bmp">
      <Filter>Resource Files</Filter>
    </Image>
    <Image Include="RES\foreground\fg28.bmp">
      <Filter>Resource Files</Filter>
    </Image>
    <Image Include="RES\foreground\fg29.bmp">
      <Filter>Resource Files</Filter>
    </Image>
    <Image Include="RES\foreground\fg30.bmp">
      <Filter>Resource Files</Filter>
    </Image>
    <Image Include="RES\foreground\fg31.bmp">
      <Filter>Resource Files</Filter>
    </Image>
    <Image Include="RES\foreground\fg32.bmp">
      <Filter>Resource Files</Filter>
    </Image>
    <Image Include="RES\foreground\fg36.bmp">
      <Filter>Resource Files</Filter>
    </Image>
    <Image Include="RES\foreground\fg37.bmp">
      <Filter>Resource Files</Filter>
    </Image>
    <Image Include="RES\foreground\fg38.bmp">
      <Filter>Resource Files</Filter>
    </Image>
    <Image Include="RES\foreground\fg39.bmp">
      <Filter>Resource Files</Filter>
    </Image>
    <Image Include="RES\foreground\fg40.bmp">
      <Filter>Resource Files</Filter>
    </Image>
    <Image Include="RES\foreground\fg43.bmp">
      <Filter>Resource Files</Filter>
    </Image>
    <Image Include="RES\background\bg4.bmp">
      <Filter>Resource Files</Filter>
    </Image>
    <Image Include="RES\background\bg5.bmp">
      <Filter>Resource Files</Filter>
    </Image>
    <Image Include="RES\background\bg6.bmp">
      <Filter>Resource Files</Filter>
    </Image>
    <Image Include="RES\background\bg14.bmp">
      <Filter>Resource Files</Filter>
    </Image>
    <Image Include="RES\background\bg15.bmp">
      <Filter>Resource Files</Filter>
    </Image>
    <Image Include="RES\background\bg16.bmp">
      <Filter>Resource Files</Filter>
    </Image>
    <Image Include="RES\background\bg17.bmp">
      <Filter>Resource Files</Filter>
    </Image>
    <Image Include="RES\background\bg18.bmp">
      <Filter>Resource Files</Filter>
    </Image>
    <Image Include="RES\background\bg19.bmp">
      <Filter>Resource Files</Filter>
    </Image>
    <Image Include="RES\background\bg20.bmp">
      <Filter>Resource Files</Filter>
    </Image>
    <Image Include="RES\background\bg21.bmp">
      <Filter>Resource Files</Filter>
    </Image>
    <Image Include="RES\background\bg22.bmp">
      <Filter>Resource Files</Filter>
    </Image>
    <Image Include="RES\background\bg23.bmp">
      <Filter>Resource Files</Filter>
    </Image>
    <Image Include="RES\background\bg24.bmp">
      <Filter>Resource Files</Filter>
    </Image>
    <Image Include="RES\background\bg25.bmp">
      <Filter>Resource Files</Filter>
    </Image>
    <Image Include="RES\background\bg26.bmp">
      <Filter>Resource Files</Filter>
    </Image>
    <Image Include="RES\background\bg27.bmp">
      <Filter>Resource Files</Filter>
    </Image>
    <Image Include="RES\background\bg28.bmp">
      <Filter>Resource Files</Filter>
    </Image>
    <Image Include="RES\background\bg29.bmp">
      <Filter>Resource Files</Filter>
    </Image>
    <Image Include="RES\background\bg30.bmp">
      <Filter>Resource Files</Filter>
    </Image>
    <Image Include="RES\background\bg31.bmp">
      <Filter>Resource Files</Filter>
    </Image>
    <Image Include="RES\background\bg32.bmp">
      <Filter>Resource Files</Filter>
    </Image>
    <Image Include="RES\background\bg36.bmp">
      <Filter>Resource Files</Filter>
    </Image>
    <Image Include="RES\background\bg37.bmp">
      <Filter>Resource Files</Filter>
    </Image>
    <Image Include="RES\background\bg38.bmp">
      <Filter>Resource Files</Filter>
    </Image>
    <Image Include="RES\background\bg39.bmp">
      <Filter>Resource Files</Filter>
    </Image>
    <Image Include="RES\background\bg40.bmp">
      <Filter>Resource Files</Filter>
    </Image>
    <Image Include="RES\background\bg41.bmp">
      <Filter>Resource Files</Filter>
    </Image>
    <Image Include="RES\background\bg42.bmp">
      <Filter>Resource Files</Filter>
    </Image>
    <Image Include="RES\background\bg43.bmp">
      <Filter>Resource Files</Filter>
    </Image>
    <Image Include="RES\foreground\w.bmp">
      <Filter>Resource Files</Filter>
    </Image>
    <Image Include="RES\background\w.bmp">
      <Filter>Resource Files</Filter>
    </Image>
    <Image Include="RES\princess\angel_1.bmp">
      <Filter>Resource Files</Filter>
    </Image>
    <Image Include="res\bitmap2.bmp">
      <Filter>Resource Files</Filter>
    </Image>
    <Image Include="res\jumpKing.ico">
      <Filter>Resource Files</Filter>
    </Image>
  </ItemGroup>
</Project>